schema: '2.0'
stages:
  database:
    cmd: python ./src/data_ing_database/database.py ./data/raw/web_data.csv ./data/harf_prose/
    deps:
    - path: ./data/raw/web_data.csv
      hash: md5
      md5: 0f94f688556480d05ea4017b613d0af5
      size: 865320
    - path: ./src/data_ing_database/database.py
      hash: md5
      md5: 77189792077537c37b3246a2eb46b574
      size: 2399
    params:
      params.yaml:
        database.random_state: 42
        database.test_size: 0.3
    outs:
    - path: data/harf_prose/
      hash: md5
      md5: 1594c6be5f39c949de8b40e55418a86a.dir
      size: 422232
      nfiles: 2
  preprocessing:
    cmd: python ./src/data_prepro/preprocessing.py ./data/harf_prose/train.csv ./data/harf_prose/test.csv
      ./data/processed/
    deps:
    - path: ./data/harf_prose/
      hash: md5
      md5: 1594c6be5f39c949de8b40e55418a86a.dir
      size: 422232
      nfiles: 2
    - path: ./src/data_prepro/preprocessing.py
      hash: md5
      md5: ae5f00f4595bdf5088b744a1b0e5b07b
      size: 6112
    outs:
    - path: data/processed/
      hash: md5
      md5: be5505e59dd13e93ec287d282685edef.dir
      size: 388090
      nfiles: 2
  web_scrap:
    cmd: python ./src/data_ing/web_scrap.py ./data/raw/
    deps:
    - path: ./src/data_ing/web_scrap.py
      hash: md5
      md5: 05efc6c532d7ab1d493671dec878ddb5
      size: 1950
    params:
      params.yaml:
        web_scrap.page_number: 499
  make_model:
    cmd: python ./src/model/make_model.py ./data/processed/preprocessing_train.csv
      ./models/cat
    deps:
    - path: ./data/processed/preprocessing_train.csv
      hash: md5
      md5: dd1b4730bf800fb9c9d85471f1f8d730
      size: 271476
    - path: ./src/model/make_model.py
      hash: md5
      md5: 6599549f02fc9fb6eea9c8e7a970af57
      size: 1992
    params:
      params.yaml:
        make_model:
          n_estimators:
          - 100
          - 200
          - 300
          - 400
          - 500
          iterations:
          - 500
          - 200
          - 300
          - 1000
          depth:
          - 2
          - 4
          - 6
          - 10
          learning_rate:
          - 0.01
          - 0.05
          - 0.1
          l2_leaf_reg:
          - 1
          - 5
          - 10
          border_count:
          - 32
          - 64
          - 128
    outs:
    - path: ./models/cat/
      hash: md5
      md5: 25df21fe7f88e8c327e1ae9c31332010.dir
      size: 122957
      nfiles: 1
  log:
    cmd: python ./src/log_params/log.py ./models/cat/model_test.joblib ./data/processed/preprocessing_test.csv
    deps:
    - path: ./data/processed/preprocessing_test.csv
      hash: md5
      md5: 669687de24724755edbadc6e9a00f890
      size: 116614
    - path: ./models/cat/model_test.joblib
      hash: md5
      md5: 443f353b537609f0f07f99eb4aaa97f5
      size: 122957
    - path: ./src/log_params/log.py
      hash: md5
      md5: 546ef4ec81640597bf02877810f6c0d9
      size: 2284
