schema: '2.0'
stages:
  database:
    cmd: python ./src/data_ing_database/database.py ./data/raw/web_data.csv 
      ./data/harf_prose/
    deps:
    - path: ./data/raw/web_data.csv
      hash: md5
      md5: 0f94f688556480d05ea4017b613d0af5
      size: 865320
    - path: ./src/data_ing_database/database.py
      hash: md5
      md5: 77189792077537c37b3246a2eb46b574
      size: 2399
    params:
      params.yaml:
        database.random_state: 45
        database.test_size: 0.3
    outs:
    - path: data/harf_prose/
      hash: md5
      md5: f7b89185722959fbad60209f75c6ad2a.dir
      size: 422232
      nfiles: 2
  preprocessing:
    cmd: python ./src/data_prepro/preprocessing.py ./data/harf_prose/train.csv 
      ./data/harf_prose/test.csv ./data/processed/
    deps:
    - path: ./data/harf_prose/
      hash: md5
      md5: f7b89185722959fbad60209f75c6ad2a.dir
      size: 422232
      nfiles: 2
    - path: ./src/data_prepro/preprocessing.py
      hash: md5
      md5: ae5f00f4595bdf5088b744a1b0e5b07b
      size: 6112
    outs:
    - path: data/processed/
      hash: md5
      md5: 6aefd440867071d101c46a822bb7359f.dir
      size: 388090
      nfiles: 2
  web_scrap:
    cmd: python ./src/data_ing/web_scrap.py ./data/raw/
    deps:
    - path: ./src/data_ing/web_scrap.py
      hash: md5
      md5: 05efc6c532d7ab1d493671dec878ddb5
      size: 1950
    params:
      params.yaml:
        web_scrap.page_number: 499
  make_model:
    cmd: python ./src/model/make_model.py 
      ./data/processed/preprocessing_train.csv ./models/cat
    deps:
    - path: ./data/processed/preprocessing_train.csv
      hash: md5
      md5: 318a2feb406662639bfb28be24cfe251
      size: 271594
    - path: ./src/model/make_model.py
      hash: md5
      md5: 6599549f02fc9fb6eea9c8e7a970af57
      size: 1992
    params:
      params.yaml:
        make_model:
          n_estimators:
          - 100
          - 200
          - 300
          - 400
          - 500
          iterations:
          - 500
          - 200
          - 300
          - 1000
          depth:
          - 3
          - 4
          - 6
          - 10
          learning_rate:
          - 0.01
          - 0.05
          - 0.1
          l2_leaf_reg:
          - 1
          - 3
          - 5
          border_count:
          - 32
          - 64
          - 128
    outs:
    - path: ./models/cat/
      hash: md5
      md5: 789f5a85f1db1438c532aa717d29d16b.dir
      size: 15575846
      nfiles: 1
  log:
    cmd: python ./src/log_params/log.py ./models/cat/model_test.joblib 
      ./data/processed/preprocessing_test.csv
    deps:
    - path: ./data/processed/preprocessing_test.csv
      hash: md5
      md5: 691b98ea728a0398b6612fdd75060405
      size: 116496
    - path: ./models/cat/model_test.joblib
      hash: md5
      md5: f1736c4159d8e72cf24e6ee23d62fc5e
      size: 15575846
    - path: ./src/log_params/log.py
      hash: md5
      md5: 9a0d47f19efe11bbecd6c6ee2c4187b9
      size: 2178
